// !$*UTF8*$!
{
	archiveVersion = 1;
	classes = {
	};
	objectVersion = 56;
	objects = {

/* Begin PBXBuildFile section */
		CD2579162C32E9E100EC76D4 /* Practice4SwiftUIApp.swift in Sources */ = {isa = PBXBuildFile; fileRef = CD2579152C32E9E100EC76D4 /* Practice4SwiftUIApp.swift */; };
		CD2579182C32E9E100EC76D4 /* ContentView.swift in Sources */ = {isa = PBXBuildFile; fileRef = CD2579172C32E9E100EC76D4 /* ContentView.swift */; };
		CD25791A2C32E9E300EC76D4 /* Assets.xcassets in Resources */ = {isa = PBXBuildFile; fileRef = CD2579192C32E9E300EC76D4 /* Assets.xcassets */; };
		CD25791D2C32E9E300EC76D4 /* Preview Assets.xcassets in Resources */ = {isa = PBXBuildFile; fileRef = CD25791C2C32E9E300EC76D4 /* Preview Assets.xcassets */; };
		CD2579262C34468800EC76D4 /* ExerciseOfLayoutContainer.swift in Sources */ = {isa = PBXBuildFile; fileRef = CD2579252C34468800EC76D4 /* ExerciseOfLayoutContainer.swift */; };
		CD25792E2C354F9F00EC76D4 /* Modifiers.swift in Sources */ = {isa = PBXBuildFile; fileRef = CD25792D2C354F9F00EC76D4 /* Modifiers.swift */; };
		CD2579302C3556A300EC76D4 /* Challenge4Modifiers.swift in Sources */ = {isa = PBXBuildFile; fileRef = CD25792F2C3556A300EC76D4 /* Challenge4Modifiers.swift */; };
		CD2579372C36CFD300EC76D4 /* StateProperties.swift in Sources */ = {isa = PBXBuildFile; fileRef = CD2579362C36CFD300EC76D4 /* StateProperties.swift */; };
		CD25793B2C37CC8900EC76D4 /* SFSymbols.swift in Sources */ = {isa = PBXBuildFile; fileRef = CD25793A2C37CC8900EC76D4 /* SFSymbols.swift */; };
		CD25793E2C37D5CA00EC76D4 /* README.md in Resources */ = {isa = PBXBuildFile; fileRef = CD25793D2C37D5CA00EC76D4 /* README.md */; };
		CD6A30DD2C5934E30024A4D1 /* ButtonBasics.swift in Sources */ = {isa = PBXBuildFile; fileRef = CD6A30DC2C5934E30024A4D1 /* ButtonBasics.swift */; };
		CD6A30E52C5BD79E0024A4D1 /* ImageDemo.swift in Sources */ = {isa = PBXBuildFile; fileRef = CD6A30E42C5BD79E0024A4D1 /* ImageDemo.swift */; };
		CDC3B0432C3D78B3001CC80D /* ColorPickerView.swift in Sources */ = {isa = PBXBuildFile; fileRef = CDC3B0422C3D78B3001CC80D /* ColorPickerView.swift */; };
		CDC3B0452C3D7AA3001CC80D /* SliderView.swift in Sources */ = {isa = PBXBuildFile; fileRef = CDC3B0442C3D7AA3001CC80D /* SliderView.swift */; };
/* End PBXBuildFile section */

/* Begin PBXFileReference section */
		CD2579122C32E9E100EC76D4 /* Practice4SwiftUI.app */ = {isa = PBXFileReference; explicitFileType = wrapper.application; includeInIndex = 0; path = Practice4SwiftUI.app; sourceTree = BUILT_PRODUCTS_DIR; };
		CD2579152C32E9E100EC76D4 /* Practice4SwiftUIApp.swift */ = {isa = PBXFileReference; lastKnownFileType = sourcecode.swift; path = Practice4SwiftUIApp.swift; sourceTree = "<group>"; };
		CD2579172C32E9E100EC76D4 /* ContentView.swift */ = {isa = PBXFileReference; lastKnownFileType = sourcecode.swift; path = ContentView.swift; sourceTree = "<group>"; };
		CD2579192C32E9E300EC76D4 /* Assets.xcassets */ = {isa = PBXFileReference; lastKnownFileType = folder.assetcatalog; path = Assets.xcassets; sourceTree = "<group>"; };
		CD25791C2C32E9E300EC76D4 /* Preview Assets.xcassets */ = {isa = PBXFileReference; lastKnownFileType = folder.assetcatalog; path = "Preview Assets.xcassets"; sourceTree = "<group>"; };
		CD2579252C34468800EC76D4 /* ExerciseOfLayoutContainer.swift */ = {isa = PBXFileReference; lastKnownFileType = sourcecode.swift; path = ExerciseOfLayoutContainer.swift; sourceTree = "<group>"; };
		CD25792D2C354F9F00EC76D4 /* Modifiers.swift */ = {isa = PBXFileReference; lastKnownFileType = sourcecode.swift; path = Modifiers.swift; sourceTree = "<group>"; };
		CD25792F2C3556A300EC76D4 /* Challenge4Modifiers.swift */ = {isa = PBXFileReference; lastKnownFileType = sourcecode.swift; path = Challenge4Modifiers.swift; sourceTree = "<group>"; };
		CD2579342C35679A00EC76D4 /* README.md */ = {isa = PBXFileReference; lastKnownFileType = net.daringfireball.markdown; path = README.md; sourceTree = "<group>"; };
		CD2579362C36CFD300EC76D4 /* StateProperties.swift */ = {isa = PBXFileReference; lastKnownFileType = sourcecode.swift; path = StateProperties.swift; sourceTree = "<group>"; };
		CD2579382C36D4C300EC76D4 /* README.md */ = {isa = PBXFileReference; lastKnownFileType = net.daringfireball.markdown; path = README.md; sourceTree = "<group>"; };
		CD25793A2C37CC8900EC76D4 /* SFSymbols.swift */ = {isa = PBXFileReference; lastKnownFileType = sourcecode.swift; path = SFSymbols.swift; sourceTree = "<group>"; };
		CD25793C2C37D13A00EC76D4 /* README.md */ = {isa = PBXFileReference; lastKnownFileType = net.daringfireball.markdown; path = README.md; sourceTree = "<group>"; };
		CD25793D2C37D5CA00EC76D4 /* README.md */ = {isa = PBXFileReference; fileEncoding = 4; lastKnownFileType = net.daringfireball.markdown; path = README.md; sourceTree = "<group>"; };
		CD33FA432C3D7D9000C863AD /* README.md */ = {isa = PBXFileReference; lastKnownFileType = net.daringfireball.markdown; path = README.md; sourceTree = "<group>"; };
		CD6A30DC2C5934E30024A4D1 /* ButtonBasics.swift */ = {isa = PBXFileReference; lastKnownFileType = sourcecode.swift; path = ButtonBasics.swift; sourceTree = "<group>"; };
		CD6A30E42C5BD79E0024A4D1 /* ImageDemo.swift */ = {isa = PBXFileReference; lastKnownFileType = sourcecode.swift; path = ImageDemo.swift; sourceTree = "<group>"; };
		CD6A30E62C5BD9E80024A4D1 /* README.md */ = {isa = PBXFileReference; lastKnownFileType = net.daringfireball.markdown; path = README.md; sourceTree = "<group>"; };
		CDC3B0422C3D78B3001CC80D /* ColorPickerView.swift */ = {isa = PBXFileReference; lastKnownFileType = sourcecode.swift; path = ColorPickerView.swift; sourceTree = "<group>"; };
		CDC3B0442C3D7AA3001CC80D /* SliderView.swift */ = {isa = PBXFileReference; lastKnownFileType = sourcecode.swift; path = SliderView.swift; sourceTree = "<group>"; };
/* End PBXFileReference section */

/* Begin PBXFrameworksBuildPhase section */
		CD25790F2C32E9E100EC76D4 /* Frameworks */ = {
			isa = PBXFrameworksBuildPhase;
			buildActionMask = 2147483647;
			files = (
			);
			runOnlyForDeploymentPostprocessing = 0;
		};
/* End PBXFrameworksBuildPhase section */

/* Begin PBXGroup section */
		CD2579092C32E9E100EC76D4 = {
			isa = PBXGroup;
			children = (
				CD25793D2C37D5CA00EC76D4 /* README.md */,
				CD2579142C32E9E100EC76D4 /* Practice4SwiftUI */,
				CD2579132C32E9E100EC76D4 /* Products */,
			);
			sourceTree = "<group>";
		};
		CD2579132C32E9E100EC76D4 /* Products */ = {
			isa = PBXGroup;
			children = (
				CD2579122C32E9E100EC76D4 /* Practice4SwiftUI.app */,
			);
			name = Products;
			sourceTree = "<group>";
		};
		CD2579142C32E9E100EC76D4 /* Practice4SwiftUI */ = {
			isa = PBXGroup;
			children = (
				CD6A30E32C5BD78E0024A4D1 /* ImageBasics */,
				CD6A30DB2C5934B90024A4D1 /* ButtonBasics */,
				CDC3B0412C3D7871001CC80D /* 07DataFlowNViewComposition */,
				CD2579392C37CC7C00EC76D4 /* 05SFSymbols */,
				CD2579352C36CFAE00EC76D4 /* 04StateProperties */,
				CD2579332C35678900EC76D4 /* 03Modifiers */,
				CD2579152C32E9E100EC76D4 /* Practice4SwiftUIApp.swift */,
				CD2579172C32E9E100EC76D4 /* ContentView.swift */,
				CD2579252C34468800EC76D4 /* ExerciseOfLayoutContainer.swift */,
				CD2579192C32E9E300EC76D4 /* Assets.xcassets */,
				CD25791B2C32E9E300EC76D4 /* Preview Content */,
			);
			path = Practice4SwiftUI;
			sourceTree = "<group>";
		};
		CD25791B2C32E9E300EC76D4 /* Preview Content */ = {
			isa = PBXGroup;
			children = (
				CD25791C2C32E9E300EC76D4 /* Preview Assets.xcassets */,
			);
			path = "Preview Content";
			sourceTree = "<group>";
		};
		CD2579332C35678900EC76D4 /* 03Modifiers */ = {
			isa = PBXGroup;
			children = (
				CD25792D2C354F9F00EC76D4 /* Modifiers.swift */,
				CD25792F2C3556A300EC76D4 /* Challenge4Modifiers.swift */,
				CD2579342C35679A00EC76D4 /* README.md */,
			);
			path = 03Modifiers;
			sourceTree = "<group>";
		};
		CD2579352C36CFAE00EC76D4 /* 04StateProperties */ = {
			isa = PBXGroup;
			children = (
				CD2579362C36CFD300EC76D4 /* StateProperties.swift */,
				CD2579382C36D4C300EC76D4 /* README.md */,
			);
			path = 04StateProperties;
			sourceTree = "<group>";
		};
		CD2579392C37CC7C00EC76D4 /* 05SFSymbols */ = {
			isa = PBXGroup;
			children = (
				CD25793A2C37CC8900EC76D4 /* SFSymbols.swift */,
				CD25793C2C37D13A00EC76D4 /* README.md */,
			);
			path = 05SFSymbols;
			sourceTree = "<group>";
		};
		CD6A30DB2C5934B90024A4D1 /* ButtonBasics */ = {
			isa = PBXGroup;
			children = (
				CD6A30DC2C5934E30024A4D1 /* ButtonBasics.swift */,
			);
			path = ButtonBasics;
			sourceTree = "<group>";
		};
		CD6A30E32C5BD78E0024A4D1 /* ImageBasics */ = {
			isa = PBXGroup;
			children = (
				CD6A30E42C5BD79E0024A4D1 /* ImageDemo.swift */,
				CD6A30E62C5BD9E80024A4D1 /* README.md */,
			);
			path = ImageBasics;
			sourceTree = "<group>";
		};
		CDC3B0412C3D7871001CC80D /* 07DataFlowNViewComposition */ = {
			isa = PBXGroup;
			children = (
				CDC3B0422C3D78B3001CC80D /* ColorPickerView.swift */,
				CDC3B0442C3D7AA3001CC80D /* SliderView.swift */,
				CD33FA432C3D7D9000C863AD /* README.md */,
			);
			path = 07DataFlowNViewComposition;
			sourceTree = "<group>";
		};
/* End PBXGroup section */

/* Begin PBXNativeTarget section */
		CD2579112C32E9E100EC76D4 /* Practice4SwiftUI */ = {
			isa = PBXNativeTarget;
			buildConfigurationList = CD2579202C32E9E300EC76D4 /* Build configuration list for PBXNativeTarget "Practice4SwiftUI" */;
			buildPhases = (
				CD25790E2C32E9E100EC76D4 /* Sources */,
				CD25790F2C32E9E100EC76D4 /* Frameworks */,
				CD2579102C32E9E100EC76D4 /* Resources */,
			);
			buildRules = (
			);
			dependencies = (
			);
			name = Practice4SwiftUI;
			productName = Practice4SwiftUI;
			productReference = CD2579122C32E9E100EC76D4 /* Practice4SwiftUI.app */;
			productType = "com.apple.product-type.application";
		};
/* End PBXNativeTarget section */

/* Begin PBXProject section */
		CD25790A2C32E9E100EC76D4 /* Project object */ = {
			isa = PBXProject;
			attributes = {
				BuildIndependentTargetsInParallel = 1;
				LastSwiftUpdateCheck = 1430;
				LastUpgradeCheck = 1430;
				TargetAttributes = {
					CD2579112C32E9E100EC76D4 = {
						CreatedOnToolsVersion = 14.3.1;
					};
				};
			};
			buildConfigurationList = CD25790D2C32E9E100EC76D4 /* Build configuration list for PBXProject "Practice4SwiftUI" */;
			compatibilityVersion = "Xcode 14.0";
			developmentRegion = en;
			hasScannedForEncodings = 0;
			knownRegions = (
				en,
				Base,
			);
			mainGroup = CD2579092C32E9E100EC76D4;
			productRefGroup = CD2579132C32E9E100EC76D4 /* Products */;
			projectDirPath = "";
			projectRoot = "";
			targets = (
				CD2579112C32E9E100EC76D4 /* Practice4SwiftUI */,
			);
		};
/* End PBXProject section */

/* Begin PBXResourcesBuildPhase section */
		CD2579102C32E9E100EC76D4 /* Resources */ = {
			isa = PBXResourcesBuildPhase;
			buildActionMask = 2147483647;
			files = (
				CD25793E2C37D5CA00EC76D4 /* README.md in Resources */,
				CD25791D2C32E9E300EC76D4 /* Preview Assets.xcassets in Resources */,
				CD25791A2C32E9E300EC76D4 /* Assets.xcassets in Resources */,
			);
			runOnlyForDeploymentPostprocessing = 0;
		};
/* End PBXResourcesBuildPhase section */

/* Begin PBXSourcesBuildPhase section */
		CD25790E2C32E9E100EC76D4 /* Sources */ = {
			isa = PBXSourcesBuildPhase;
			buildActionMask = 2147483647;
			files = (
				CD25792E2C354F9F00EC76D4 /* Modifiers.swift in Sources */,
				CDC3B0432C3D78B3001CC80D /* ColorPickerView.swift in Sources */,
				CD25793B2C37CC8900EC76D4 /* SFSymbols.swift in Sources */,
				CDC3B0452C3D7AA3001CC80D /* SliderView.swift in Sources */,
				CD2579302C3556A300EC76D4 /* Challenge4Modifiers.swift in Sources */,
				CD2579182C32E9E100EC76D4 /* ContentView.swift in Sources */,
				CD6A30DD2C5934E30024A4D1 /* ButtonBasics.swift in Sources */,
				CD2579162C32E9E100EC76D4 /* Practice4SwiftUIApp.swift in Sources */,
				CD2579372C36CFD300EC76D4 /* StateProperties.swift in Sources */,
				CD6A30E52C5BD79E0024A4D1 /* ImageDemo.swift in Sources */,
				CD2579262C34468800EC76D4 /* ExerciseOfLayoutContainer.swift in Sources */,
			);
			runOnlyForDeploymentPostprocessing = 0;
		};
/* End PBXSourcesBuildPhase section */

/* Begin XCBuildConfiguration section */
		CD25791E2C32E9E300EC76D4 /* Debug */ = {
			isa = XCBuildConfiguration;
			buildSettings = {
				ALWAYS_SEARCH_USER_PATHS = NO;
				CLANG_ANALYZER_NONNULL = YES;
				CLANG_ANALYZER_NUMBER_OBJECT_CONVERSION = YES_AGGRESSIVE;
				CLANG_CXX_LANGUAGE_STANDARD = "gnu++20";
				CLANG_ENABLE_MODULES = YES;
				CLANG_ENABLE_OBJC_ARC = YES;
				CLANG_ENABLE_OBJC_WEAK = YES;
				CLANG_WARN_BLOCK_CAPTURE_AUTORELEASING = YES;
				CLANG_WARN_BOOL_CONVERSION = YES;
				CLANG_WARN_COMMA = YES;
				CLANG_WARN_CONSTANT_CONVERSION = YES;
				CLANG_WARN_DEPRECATED_OBJC_IMPLEMENTATIONS = YES;
				CLANG_WARN_DIRECT_OBJC_ISA_USAGE = YES_ERROR;
				CLANG_WARN_DOCUMENTATION_COMMENTS = YES;
				CLANG_WARN_EMPTY_BODY = YES;
				CLANG_WARN_ENUM_CONVERSION = YES;
				CLANG_WARN_INFINITE_RECURSION = YES;
				CLANG_WARN_INT_CONVERSION = YES;
				CLANG_WARN_NON_LITERAL_NULL_CONVERSION = YES;
				CLANG_WARN_OBJC_IMPLICIT_RETAIN_SELF = YES;
				CLANG_WARN_OBJC_LITERAL_CONVERSION = YES;
				CLANG_WARN_OBJC_ROOT_CLASS = YES_ERROR;
				CLANG_WARN_QUOTED_INCLUDE_IN_FRAMEWORK_HEADER = YES;
				CLANG_WARN_RANGE_LOOP_ANALYSIS = YES;
				CLANG_WARN_STRICT_PROTOTYPES = YES;
				CLANG_WARN_SUSPICIOUS_MOVE = YES;
				CLANG_WARN_UNGUARDED_AVAILABILITY = YES_AGGRESSIVE;
				CLANG_WARN_UNREACHABLE_CODE = YES;
				CLANG_WARN__DUPLICATE_METHOD_MATCH = YES;
				COPY_PHASE_STRIP = NO;
				DEBUG_INFORMATION_FORMAT = dwarf;
				ENABLE_STRICT_OBJC_MSGSEND = YES;
				ENABLE_TESTABILITY = YES;
				GCC_C_LANGUAGE_STANDARD = gnu11;
				GCC_DYNAMIC_NO_PIC = NO;
				GCC_NO_COMMON_BLOCKS = YES;
				GCC_OPTIMIZATION_LEVEL = 0;
				GCC_PREPROCESSOR_DEFINITIONS = (
					"DEBUG=1",
					"$(inherited)",
				);
				GCC_WARN_64_TO_32_BIT_CONVERSION = YES;
				GCC_WARN_ABOUT_RETURN_TYPE = YES_ERROR;
				GCC_WARN_UNDECLARED_SELECTOR = YES;
				GCC_WARN_UNINITIALIZED_AUTOS = YES_AGGRESSIVE;
				GCC_WARN_UNUSED_FUNCTION = YES;
				GCC_WARN_UNUSED_VARIABLE = YES;
				IPHONEOS_DEPLOYMENT_TARGET = 16.4;
				MTL_ENABLE_DEBUG_INFO = INCLUDE_SOURCE;
				MTL_FAST_MATH = YES;
				ONLY_ACTIVE_ARCH = YES;
				SDKROOT = iphoneos;
				SWIFT_ACTIVE_COMPILATION_CONDITIONS = DEBUG;
				SWIFT_OPTIMIZATION_LEVEL = "-Onone";
			};
			name = Debug;
		};
		CD25791F2C32E9E300EC76D4 /* Release */ = {
			isa = XCBuildConfiguration;
			buildSettings = {
				ALWAYS_SEARCH_USER_PATHS = NO;
				CLANG_ANALYZER_NONNULL = YES;
				CLANG_ANALYZER_NUMBER_OBJECT_CONVERSION = YES_AGGRESSIVE;
				CLANG_CXX_LANGUAGE_STANDARD = "gnu++20";
				CLANG_ENABLE_MODULES = YES;
				CLANG_ENABLE_OBJC_ARC = YES;
				CLANG_ENABLE_OBJC_WEAK = YES;
				CLANG_WARN_BLOCK_CAPTURE_AUTORELEASING = YES;
				CLANG_WARN_BOOL_CONVERSION = YES;
				CLANG_WARN_COMMA = YES;
				CLANG_WARN_CONSTANT_CONVERSION = YES;
				CLANG_WARN_DEPRECATED_OBJC_IMPLEMENTATIONS = YES;
				CLANG_WARN_DIRECT_OBJC_ISA_USAGE = YES_ERROR;
				CLANG_WARN_DOCUMENTATION_COMMENTS = YES;
				CLANG_WARN_EMPTY_BODY = YES;
				CLANG_WARN_ENUM_CONVERSION = YES;
				CLANG_WARN_INFINITE_RECURSION = YES;
				CLANG_WARN_INT_CONVERSION = YES;
				CLANG_WARN_NON_LITERAL_NULL_CONVERSION = YES;
				CLANG_WARN_OBJC_IMPLICIT_RETAIN_SELF = YES;
				CLANG_WARN_OBJC_LITERAL_CONVERSION = YES;
				CLANG_WARN_OBJC_ROOT_CLASS = YES_ERROR;
				CLANG_WARN_QUOTED_INCLUDE_IN_FRAMEWORK_HEADER = YES;
				CLANG_WARN_RANGE_LOOP_ANALYSIS = YES;
				CLANG_WARN_STRICT_PROTOTYPES = YES;
				CLANG_WARN_SUSPICIOUS_MOVE = YES;
				CLANG_WARN_UNGUARDED_AVAILABILITY = YES_AGGRESSIVE;
				CLANG_WARN_UNREACHABLE_CODE = YES;
				CLANG_WARN__DUPLICATE_METHOD_MATCH = YES;
				COPY_PHASE_STRIP = NO;
				DEBUG_INFORMATION_FORMAT = "dwarf-with-dsym";
				ENABLE_NS_ASSERTIONS = NO;
				ENABLE_STRICT_OBJC_MSGSEND = YES;
				GCC_C_LANGUAGE_STANDARD = gnu11;
				GCC_NO_COMMON_BLOCKS = YES;
				GCC_WARN_64_TO_32_BIT_CONVERSION = YES;
				GCC_WARN_ABOUT_RETURN_TYPE = YES_ERROR;
				GCC_WARN_UNDECLARED_SELECTOR = YES;
				GCC_WARN_UNINITIALIZED_AUTOS = YES_AGGRESSIVE;
				GCC_WARN_UNUSED_FUNCTION = YES;
				GCC_WARN_UNUSED_VARIABLE = YES;
				IPHONEOS_DEPLOYMENT_TARGET = 16.4;
				MTL_ENABLE_DEBUG_INFO = NO;
				MTL_FAST_MATH = YES;
				SDKROOT = iphoneos;
				SWIFT_COMPILATION_MODE = wholemodule;
				SWIFT_OPTIMIZATION_LEVEL = "-O";
				VALIDATE_PRODUCT = YES;
			};
			name = Release;
		};
		CD2579212C32E9E300EC76D4 /* Debug */ = {
			isa = XCBuildConfiguration;
			buildSettings = {
				ASSETCATALOG_COMPILER_APPICON_NAME = AppIcon;
				ASSETCATALOG_COMPILER_GLOBAL_ACCENT_COLOR_NAME = AccentColor;
				CODE_SIGN_STYLE = Automatic;
				CURRENT_PROJECT_VERSION = 1;
				DEVELOPMENT_ASSET_PATHS = "\"Practice4SwiftUI/Preview Content\"";
				DEVELOPMENT_TEAM = 9667HQFPGB;
				ENABLE_PREVIEWS = YES;
				GENERATE_INFOPLIST_FILE = YES;
				INFOPLIST_KEY_UIApplicationSceneManifest_Generation = YES;
				INFOPLIST_KEY_UIApplicationSupportsIndirectInputEvents = YES;
				INFOPLIST_KEY_UILaunchScreen_Generation = YES;
				INFOPLIST_KEY_UISupportedInterfaceOrientations_iPad = "UIInterfaceOrientationPortrait UIInterfaceOrientationPortraitUpsideDown UIInterfaceOrientationLandscapeLeft UIInterfaceOrientationLandscapeRight";
				INFOPLIST_KEY_UISupportedInterfaceOrientations_iPhone = "UIInterfaceOrientationPortrait UIInterfaceOrientationLandscapeLeft UIInterfaceOrientationLandscapeRight";
				LD_RUNPATH_SEARCH_PATHS = (
					"$(inherited)",
					"@executable_path/Frameworks",
				);
				MARKETING_VERSION = 1.0;
				PRODUCT_BUNDLE_IDENTIFIER = sujeong.Practice4SwiftUI;
				PRODUCT_NAME = "$(TARGET_NAME)";
				SWIFT_EMIT_LOC_STRINGS = YES;
				SWIFT_VERSION = 5.0;
				TARGETED_DEVICE_FAMILY = "1,2";
			};
			name = Debug;
		};
		CD2579222C32E9E300EC76D4 /* Release */ = {
			isa = XCBuildConfiguration;
			buildSettings = {
				ASSETCATALOG_COMPILER_APPICON_NAME = AppIcon;
				ASSETCATALOG_COMPILER_GLOBAL_ACCENT_COLOR_NAME = AccentColor;
				CODE_SIGN_STYLE = Automatic;
				CURRENT_PROJECT_VERSION = 1;
				DEVELOPMENT_ASSET_PATHS = "\"Practice4SwiftUI/Preview Content\"";
				DEVELOPMENT_TEAM = 9667HQFPGB;
				ENABLE_PREVIEWS = YES;
				GENERATE_INFOPLIST_FILE = YES;
				INFOPLIST_KEY_UIApplicationSceneManifest_Generation = YES;
				INFOPLIST_KEY_UIApplicationSupportsIndirectInputEvents = YES;
				INFOPLIST_KEY_UILaunchScreen_Generation = YES;
				INFOPLIST_KEY_UISupportedInterfaceOrientations_iPad = "UIInterfaceOrientationPortrait UIInterfaceOrientationPortraitUpsideDown UIInterfaceOrientationLandscapeLeft UIInterfaceOrientationLandscapeRight";
				INFOPLIST_KEY_UISupportedInterfaceOrientations_iPhone = "UIInterfaceOrientationPortrait UIInterfaceOrientationLandscapeLeft UIInterfaceOrientationLandscapeRight";
				LD_RUNPATH_SEARCH_PATHS = (
					"$(inherited)",
					"@executable_path/Frameworks",
				);
				MARKETING_VERSION = 1.0;
				PRODUCT_BUNDLE_IDENTIFIER = sujeong.Practice4SwiftUI;
				PRODUCT_NAME = "$(TARGET_NAME)";
				SWIFT_EMIT_LOC_STRINGS = YES;
				SWIFT_VERSION = 5.0;
				TARGETED_DEVICE_FAMILY = "1,2";
			};
			name = Release;
		};
/* End XCBuildConfiguration section */

/* Begin XCConfigurationList section */
		CD25790D2C32E9E100EC76D4 /* Build configuration list for PBXProject "Practice4SwiftUI" */ = {
			isa = XCConfigurationList;
			buildConfigurations = (
				CD25791E2C32E9E300EC76D4 /* Debug */,
				CD25791F2C32E9E300EC76D4 /* Release */,
			);
			defaultConfigurationIsVisible = 0;
			defaultConfigurationName = Release;
		};
		CD2579202C32E9E300EC76D4 /* Build configuration list for PBXNativeTarget "Practice4SwiftUI" */ = {
			isa = XCConfigurationList;
			buildConfigurations = (
				CD2579212C32E9E300EC76D4 /* Debug */,
				CD2579222C32E9E300EC76D4 /* Release */,
			);
			defaultConfigurationIsVisible = 0;
			defaultConfigurationName = Release;
		};
/* End XCConfigurationList section */
	};
	rootObject = CD25790A2C32E9E100EC76D4 /* Project object */;
}
